
Microsoft Visual Studio Solution File, Format Version 12.00
# Visual Studio 15
VisualStudioVersion = 15.0.27004.2009
MinimumVisualStudioVersion = 10.0.40219.1
Project("{FAE04EC0-301F-11D3-BF4B-00C04F79EFBC}") = "ChronoplethBlog", "ChronoplethBlog\ChronoplethBlog.csproj", "{929E9144-13C1-4A91-B6C3-8B7938C9E4C8}"
EndProject
Global
	GlobalSection(SolutionConfigurationPlatforms) = preSolution
		Debug|Any CPU = Debug|Any CPU
		Release|Any CPU = Release|Any CPU
	EndGlobalSection
	GlobalSection(ProjectConfigurationPlatforms) = postSolution
		{929E9144-13C1-4A91-B6C3-8B7938C9E4C8}.Debug|Any CPU.ActiveCfg = Debug|Any CPU
		{929E9144-13C1-4A91-B6C3-8B7938C9E4C8}.Debug|Any CPU.Build.0 = Debug|Any CPU
		{929E9144-13C1-4A91-B6C3-8B7938C9E4C8}.Release|Any CPU.ActiveCfg = Release|Any CPU
		{929E9144-13C1-4A91-B6C3-8B7938C9E4C8}.Release|Any CPU.Build.0 = Release|Any CPU
	EndGlobalSection
	GlobalSection(SolutionProperties) = preSolution
		HideSolutionNode = FALSE
	EndGlobalSection
	GlobalSection(ExtensibilityGlobals) = postSolution
		SolutionGuid = {0E926E9C-E8BB-406A-89B1-39A5A50641C7}
	EndGlobalSection
EndGlobal
